{
  "name": "itch-docs",
  "version": "1.0.0",
  "lockfileVersion": 2,
  "requires": true,
  "packages": {
    "": {
      "name": "itch-docs",
      "version": "1.0.0",
      "dependencies": {
        "@itchio/bob": "^2.1.0"
      }
    },
    "node_modules/@itchio/bob": {
      "version": "2.1.0",
      "resolved": "https://registry.npmjs.org/@itchio/bob/-/bob-2.1.0.tgz",
      "integrity": "sha512-R6WgCYp49xBNEIEFJ+tnkDdNcpKhne9tJMM17CLfA5crq4F8/c0r2O0yQOBJWgPuORkhIQOq9E887JHL3tuWmA=="
    }
  },
  "dependencies": {
    "@itchio/bob": {
      "version": "2.1.0",
      "resolved": "https://registry.npmjs.org/@itchio/bob/-/bob-2.1.0.tgz",
      "integrity": "sha512-R6WgCYp49xBNEIEFJ+tnkDdNcpKhne9tJMM17CLfA5crq4F8/c0r2O0yQOBJWgPuORkhIQOq9E887JHL3tuWmA=="
    }
  }
}
